
Microsoft Visual Studio Solution File, Format Version 12.00
# Visual Studio Version 17
VisualStudioVersion = 17.13.35931.197
MinimumVisualStudioVersion = 10.0.40219.1
Project("{2150E333-8FDC-42A3-9474-1A3956D46DE8}") = "01-SRP", "01-SRP", "{02EA681E-C7D8-13C7-8484-4AC65E1B71E8}"
	ProjectSection(SolutionItems) = preProject
		01-SRP\Single Responsability Principle (SRP).txt = 01-SRP\Single Responsability Principle (SRP).txt
	EndProjectSection
EndProject
Project("{2150E333-8FDC-42A3-9474-1A3956D46DE8}") = "02-OCP", "02-OCP", "{309E09A0-9876-42E1-A1AD-3E6AF3BA1D99}"
	ProjectSection(SolutionItems) = preProject
		Open Closed Principle (OCP).txt = Open Closed Principle (OCP).txt
	EndProjectSection
EndProject
Project("{2150E333-8FDC-42A3-9474-1A3956D46DE8}") = "03-LSP", "03-LSP", "{BF1E768B-6DE8-4B58-BCE8-124A3529DBFD}"
	ProjectSection(SolutionItems) = preProject
		Liskov Substitution Principle.txt = Liskov Substitution Principle.txt
	EndProjectSection
EndProject
Project("{2150E333-8FDC-42A3-9474-1A3956D46DE8}") = "04-ISP", "04-ISP", "{CBD54D38-0B2C-4B95-A6A5-1B29B2C3B085}"
EndProject
Project("{2150E333-8FDC-42A3-9474-1A3956D46DE8}") = "05-DIP", "05-DIP", "{10E037AA-799C-4FF1-863F-D979A38BAA84}"
EndProject
Project("{2150E333-8FDC-42A3-9474-1A3956D46DE8}") = "01-Booking", "01-Booking", "{861DADE0-373F-4655-ABDF-48183661DC15}"
EndProject
Project("{FAE04EC0-301F-11D3-BF4B-00C04F79EFBC}") = "Booking", "01-SRP\BookingComViolacao\Booking.csproj", "{AE87121D-7F43-49E3-9594-88706F6582B4}"
EndProject
Project("{2150E333-8FDC-42A3-9474-1A3956D46DE8}") = "02-Checkout", "02-Checkout", "{EB2F40A4-AD41-48B3-BEFF-08E1548B3BF5}"
EndProject
Project("{2150E333-8FDC-42A3-9474-1A3956D46DE8}") = "03-FileUploadService", "03-FileUploadService", "{0E64E1D6-EB12-45D0-B644-3A9101D7CBAE}"
EndProject
Project("{FAE04EC0-301F-11D3-BF4B-00C04F79EFBC}") = "FileUploadService", "01-SRP\FileUploadService\FileUploadService.csproj", "{CF669D36-6EA5-440D-90D1-4D4BE613CD9A}"
EndProject
Project("{2150E333-8FDC-42A3-9474-1A3956D46DE8}") = "04-CadastroDeUsuarios", "04-CadastroDeUsuarios", "{A737EF48-8364-4490-9CBA-37B68EAA6C13}"
EndProject
Project("{FAE04EC0-301F-11D3-BF4B-00C04F79EFBC}") = "CadastroDeUsuarios", "01-SRP\CadastroDeUsuarios\CadastroDeUsuarios.csproj", "{B6C8DC24-4992-4A55-8AAF-AB9C38462826}"
EndProject
Project("{FAE04EC0-301F-11D3-BF4B-00C04F79EFBC}") = "Checkout", "01-SRP\Checkout\Checkout.csproj", "{7FE3EDA4-63F9-19D7-692A-203CC6169F47}"
EndProject
Project("{2150E333-8FDC-42A3-9474-1A3956D46DE8}") = "05-ReportGenerator", "05-ReportGenerator", "{5E28D775-75F5-475B-8AD0-1939A5BA1EFE}"
EndProject
Project("{FAE04EC0-301F-11D3-BF4B-00C04F79EFBC}") = "ReportGenerator", "01-SRP\ReportGenerator\ReportGenerator.csproj", "{374DEFC9-223B-4906-BD0E-FAA8E082C231}"
EndProject
Project("{2150E333-8FDC-42A3-9474-1A3956D46DE8}") = "06-CheckoutService", "06-CheckoutService", "{88621D96-2D36-460F-87CF-1AC9EECDE947}"
EndProject
Project("{FAE04EC0-301F-11D3-BF4B-00C04F79EFBC}") = "CheckoutService", "01-SRP\CheckoutService\CheckoutService.csproj", "{EC92BC3E-312D-4921-BDC6-300A7CC23BD9}"
EndProject
Project("{2150E333-8FDC-42A3-9474-1A3956D46DE8}") = "01-ReportProcessor", "01-ReportProcessor", "{6FECA7F6-5CBE-4C7E-809C-E0F0BE195DBC}"
EndProject
Project("{FAE04EC0-301F-11D3-BF4B-00C04F79EFBC}") = "ReportProcessor", "02-OCP\ReportProcessor\ReportProcessor.csproj", "{B868C1BE-5F6F-4CE7-89BE-1FDAD6A41EF2}"
EndProject
Project("{2150E333-8FDC-42A3-9474-1A3956D46DE8}") = "02-TrabalhandoComstrategyPattern", "02-TrabalhandoComstrategyPattern", "{57596F10-D245-4625-9C5A-D448060A00A9}"
EndProject
Project("{FAE04EC0-301F-11D3-BF4B-00C04F79EFBC}") = "DiscountCalculator", "02-OCP\DiscountCalculator\DiscountCalculator.csproj", "{9B9213E1-3113-4FF8-ABDC-DF65D509D392}"
EndProject
Project("{2150E333-8FDC-42A3-9474-1A3956D46DE8}") = "03-RepositorioDeStrategies", "03-RepositorioDeStrategies", "{5325013F-7BCF-493C-BAFA-77AA2C1FE04F}"
EndProject
Project("{FAE04EC0-301F-11D3-BF4B-00C04F79EFBC}") = "Validator", "02-OCP\Validator\Validator.csproj", "{FC7523A4-E731-4EB9-AA2E-AEDDF68E0F9A}"
EndProject
Project("{2150E333-8FDC-42A3-9474-1A3956D46DE8}") = "04-OCPComStrategyAndFactoryMethod", "04-OCPComStrategyAndFactoryMethod", "{C2173912-6619-4ADE-9002-89A080A2245C}"
EndProject
Project("{FAE04EC0-301F-11D3-BF4B-00C04F79EFBC}") = "EmailNotificationService", "02-OCP\EmailNotificationService\EmailNotificationService.csproj", "{971A296E-CDDE-44AB-88AE-A24CC54F3840}"
EndProject
Project("{2150E333-8FDC-42A3-9474-1A3956D46DE8}") = "01-Rectangle", "01-Rectangle", "{0EEEDF75-637D-4638-8ED9-0E109D561D35}"
EndProject
Project("{FAE04EC0-301F-11D3-BF4B-00C04F79EFBC}") = "Rectangle", "03-LSP\Rectangle\Rectangle.csproj", "{2033A1C3-5C43-49D2-82AC-1152CC95E3C4}"
EndProject
Project("{2150E333-8FDC-42A3-9474-1A3956D46DE8}") = "02-DadosFinanceirosDeUmUsuario", "02-DadosFinanceirosDeUmUsuario", "{064AF254-7B72-412B-BA32-43FAB78B04E2}"
EndProject
Project("{FAE04EC0-301F-11D3-BF4B-00C04F79EFBC}") = "DadosFinanceirosDeUmUsuario", "03-LSP\DadosFinanceirosDeUmUsuario\DadosFinanceirosDeUmUsuario.csproj", "{ABD5CB5E-7A85-434F-B1C0-5812A48D4E19}"
EndProject
Project("{2150E333-8FDC-42A3-9474-1A3956D46DE8}") = "03-ProcessadorDePagamento", "03-ProcessadorDePagamento", "{FAE7A673-0F54-4308-A725-C78558C74030}"
EndProject
Project("{FAE04EC0-301F-11D3-BF4B-00C04F79EFBC}") = "ProcessadorDePagamento", "03-LSP\ProcessadorDePagamento\ProcessadorDePagamento.csproj", "{9F1112AB-8CA4-4675-94CD-445F7F4916A9}"
EndProject
Global
	GlobalSection(SolutionConfigurationPlatforms) = preSolution
		Debug|Any CPU = Debug|Any CPU
		Release|Any CPU = Release|Any CPU
	EndGlobalSection
	GlobalSection(ProjectConfigurationPlatforms) = postSolution
		{AE87121D-7F43-49E3-9594-88706F6582B4}.Debug|Any CPU.ActiveCfg = Debug|Any CPU
		{AE87121D-7F43-49E3-9594-88706F6582B4}.Debug|Any CPU.Build.0 = Debug|Any CPU
		{AE87121D-7F43-49E3-9594-88706F6582B4}.Release|Any CPU.ActiveCfg = Release|Any CPU
		{AE87121D-7F43-49E3-9594-88706F6582B4}.Release|Any CPU.Build.0 = Release|Any CPU
		{CF669D36-6EA5-440D-90D1-4D4BE613CD9A}.Debug|Any CPU.ActiveCfg = Debug|Any CPU
		{CF669D36-6EA5-440D-90D1-4D4BE613CD9A}.Debug|Any CPU.Build.0 = Debug|Any CPU
		{CF669D36-6EA5-440D-90D1-4D4BE613CD9A}.Release|Any CPU.ActiveCfg = Release|Any CPU
		{CF669D36-6EA5-440D-90D1-4D4BE613CD9A}.Release|Any CPU.Build.0 = Release|Any CPU
		{B6C8DC24-4992-4A55-8AAF-AB9C38462826}.Debug|Any CPU.ActiveCfg = Debug|Any CPU
		{B6C8DC24-4992-4A55-8AAF-AB9C38462826}.Debug|Any CPU.Build.0 = Debug|Any CPU
		{B6C8DC24-4992-4A55-8AAF-AB9C38462826}.Release|Any CPU.ActiveCfg = Release|Any CPU
		{B6C8DC24-4992-4A55-8AAF-AB9C38462826}.Release|Any CPU.Build.0 = Release|Any CPU
		{7FE3EDA4-63F9-19D7-692A-203CC6169F47}.Debug|Any CPU.ActiveCfg = Debug|Any CPU
		{7FE3EDA4-63F9-19D7-692A-203CC6169F47}.Debug|Any CPU.Build.0 = Debug|Any CPU
		{7FE3EDA4-63F9-19D7-692A-203CC6169F47}.Release|Any CPU.ActiveCfg = Release|Any CPU
		{7FE3EDA4-63F9-19D7-692A-203CC6169F47}.Release|Any CPU.Build.0 = Release|Any CPU
		{374DEFC9-223B-4906-BD0E-FAA8E082C231}.Debug|Any CPU.ActiveCfg = Debug|Any CPU
		{374DEFC9-223B-4906-BD0E-FAA8E082C231}.Debug|Any CPU.Build.0 = Debug|Any CPU
		{374DEFC9-223B-4906-BD0E-FAA8E082C231}.Release|Any CPU.ActiveCfg = Release|Any CPU
		{374DEFC9-223B-4906-BD0E-FAA8E082C231}.Release|Any CPU.Build.0 = Release|Any CPU
		{EC92BC3E-312D-4921-BDC6-300A7CC23BD9}.Debug|Any CPU.ActiveCfg = Debug|Any CPU
		{EC92BC3E-312D-4921-BDC6-300A7CC23BD9}.Debug|Any CPU.Build.0 = Debug|Any CPU
		{EC92BC3E-312D-4921-BDC6-300A7CC23BD9}.Release|Any CPU.ActiveCfg = Release|Any CPU
		{EC92BC3E-312D-4921-BDC6-300A7CC23BD9}.Release|Any CPU.Build.0 = Release|Any CPU
		{B868C1BE-5F6F-4CE7-89BE-1FDAD6A41EF2}.Debug|Any CPU.ActiveCfg = Debug|Any CPU
		{B868C1BE-5F6F-4CE7-89BE-1FDAD6A41EF2}.Debug|Any CPU.Build.0 = Debug|Any CPU
		{B868C1BE-5F6F-4CE7-89BE-1FDAD6A41EF2}.Release|Any CPU.ActiveCfg = Release|Any CPU
		{B868C1BE-5F6F-4CE7-89BE-1FDAD6A41EF2}.Release|Any CPU.Build.0 = Release|Any CPU
		{9B9213E1-3113-4FF8-ABDC-DF65D509D392}.Debug|Any CPU.ActiveCfg = Debug|Any CPU
		{9B9213E1-3113-4FF8-ABDC-DF65D509D392}.Debug|Any CPU.Build.0 = Debug|Any CPU
		{9B9213E1-3113-4FF8-ABDC-DF65D509D392}.Release|Any CPU.ActiveCfg = Release|Any CPU
		{9B9213E1-3113-4FF8-ABDC-DF65D509D392}.Release|Any CPU.Build.0 = Release|Any CPU
		{FC7523A4-E731-4EB9-AA2E-AEDDF68E0F9A}.Debug|Any CPU.ActiveCfg = Debug|Any CPU
		{FC7523A4-E731-4EB9-AA2E-AEDDF68E0F9A}.Debug|Any CPU.Build.0 = Debug|Any CPU
		{FC7523A4-E731-4EB9-AA2E-AEDDF68E0F9A}.Release|Any CPU.ActiveCfg = Release|Any CPU
		{FC7523A4-E731-4EB9-AA2E-AEDDF68E0F9A}.Release|Any CPU.Build.0 = Release|Any CPU
		{971A296E-CDDE-44AB-88AE-A24CC54F3840}.Debug|Any CPU.ActiveCfg = Debug|Any CPU
		{971A296E-CDDE-44AB-88AE-A24CC54F3840}.Debug|Any CPU.Build.0 = Debug|Any CPU
		{971A296E-CDDE-44AB-88AE-A24CC54F3840}.Release|Any CPU.ActiveCfg = Release|Any CPU
		{971A296E-CDDE-44AB-88AE-A24CC54F3840}.Release|Any CPU.Build.0 = Release|Any CPU
		{2033A1C3-5C43-49D2-82AC-1152CC95E3C4}.Debug|Any CPU.ActiveCfg = Debug|Any CPU
		{2033A1C3-5C43-49D2-82AC-1152CC95E3C4}.Debug|Any CPU.Build.0 = Debug|Any CPU
		{2033A1C3-5C43-49D2-82AC-1152CC95E3C4}.Release|Any CPU.ActiveCfg = Release|Any CPU
		{2033A1C3-5C43-49D2-82AC-1152CC95E3C4}.Release|Any CPU.Build.0 = Release|Any CPU
		{ABD5CB5E-7A85-434F-B1C0-5812A48D4E19}.Debug|Any CPU.ActiveCfg = Debug|Any CPU
		{ABD5CB5E-7A85-434F-B1C0-5812A48D4E19}.Debug|Any CPU.Build.0 = Debug|Any CPU
		{ABD5CB5E-7A85-434F-B1C0-5812A48D4E19}.Release|Any CPU.ActiveCfg = Release|Any CPU
		{ABD5CB5E-7A85-434F-B1C0-5812A48D4E19}.Release|Any CPU.Build.0 = Release|Any CPU
		{9F1112AB-8CA4-4675-94CD-445F7F4916A9}.Debug|Any CPU.ActiveCfg = Debug|Any CPU
		{9F1112AB-8CA4-4675-94CD-445F7F4916A9}.Debug|Any CPU.Build.0 = Debug|Any CPU
		{9F1112AB-8CA4-4675-94CD-445F7F4916A9}.Release|Any CPU.ActiveCfg = Release|Any CPU
		{9F1112AB-8CA4-4675-94CD-445F7F4916A9}.Release|Any CPU.Build.0 = Release|Any CPU
	EndGlobalSection
	GlobalSection(SolutionProperties) = preSolution
		HideSolutionNode = FALSE
	EndGlobalSection
	GlobalSection(NestedProjects) = preSolution
		{861DADE0-373F-4655-ABDF-48183661DC15} = {02EA681E-C7D8-13C7-8484-4AC65E1B71E8}
		{AE87121D-7F43-49E3-9594-88706F6582B4} = {861DADE0-373F-4655-ABDF-48183661DC15}
		{EB2F40A4-AD41-48B3-BEFF-08E1548B3BF5} = {02EA681E-C7D8-13C7-8484-4AC65E1B71E8}
		{0E64E1D6-EB12-45D0-B644-3A9101D7CBAE} = {02EA681E-C7D8-13C7-8484-4AC65E1B71E8}
		{CF669D36-6EA5-440D-90D1-4D4BE613CD9A} = {0E64E1D6-EB12-45D0-B644-3A9101D7CBAE}
		{A737EF48-8364-4490-9CBA-37B68EAA6C13} = {02EA681E-C7D8-13C7-8484-4AC65E1B71E8}
		{B6C8DC24-4992-4A55-8AAF-AB9C38462826} = {A737EF48-8364-4490-9CBA-37B68EAA6C13}
		{7FE3EDA4-63F9-19D7-692A-203CC6169F47} = {EB2F40A4-AD41-48B3-BEFF-08E1548B3BF5}
		{5E28D775-75F5-475B-8AD0-1939A5BA1EFE} = {02EA681E-C7D8-13C7-8484-4AC65E1B71E8}
		{374DEFC9-223B-4906-BD0E-FAA8E082C231} = {5E28D775-75F5-475B-8AD0-1939A5BA1EFE}
		{88621D96-2D36-460F-87CF-1AC9EECDE947} = {02EA681E-C7D8-13C7-8484-4AC65E1B71E8}
		{EC92BC3E-312D-4921-BDC6-300A7CC23BD9} = {88621D96-2D36-460F-87CF-1AC9EECDE947}
		{6FECA7F6-5CBE-4C7E-809C-E0F0BE195DBC} = {309E09A0-9876-42E1-A1AD-3E6AF3BA1D99}
		{B868C1BE-5F6F-4CE7-89BE-1FDAD6A41EF2} = {6FECA7F6-5CBE-4C7E-809C-E0F0BE195DBC}
		{57596F10-D245-4625-9C5A-D448060A00A9} = {309E09A0-9876-42E1-A1AD-3E6AF3BA1D99}
		{9B9213E1-3113-4FF8-ABDC-DF65D509D392} = {57596F10-D245-4625-9C5A-D448060A00A9}
		{5325013F-7BCF-493C-BAFA-77AA2C1FE04F} = {309E09A0-9876-42E1-A1AD-3E6AF3BA1D99}
		{FC7523A4-E731-4EB9-AA2E-AEDDF68E0F9A} = {5325013F-7BCF-493C-BAFA-77AA2C1FE04F}
		{C2173912-6619-4ADE-9002-89A080A2245C} = {309E09A0-9876-42E1-A1AD-3E6AF3BA1D99}
		{971A296E-CDDE-44AB-88AE-A24CC54F3840} = {C2173912-6619-4ADE-9002-89A080A2245C}
		{0EEEDF75-637D-4638-8ED9-0E109D561D35} = {BF1E768B-6DE8-4B58-BCE8-124A3529DBFD}
		{2033A1C3-5C43-49D2-82AC-1152CC95E3C4} = {0EEEDF75-637D-4638-8ED9-0E109D561D35}
		{064AF254-7B72-412B-BA32-43FAB78B04E2} = {BF1E768B-6DE8-4B58-BCE8-124A3529DBFD}
		{ABD5CB5E-7A85-434F-B1C0-5812A48D4E19} = {064AF254-7B72-412B-BA32-43FAB78B04E2}
		{FAE7A673-0F54-4308-A725-C78558C74030} = {BF1E768B-6DE8-4B58-BCE8-124A3529DBFD}
		{9F1112AB-8CA4-4675-94CD-445F7F4916A9} = {FAE7A673-0F54-4308-A725-C78558C74030}
	EndGlobalSection
	GlobalSection(ExtensibilityGlobals) = postSolution
		SolutionGuid = {1E9D7438-A202-42B7-AED7-8C770BF549D9}
	EndGlobalSection
EndGlobal
