
Microsoft Visual Studio Solution File, Format Version 12.00
# Visual Studio Version 17
VisualStudioVersion = 17.13.35931.197
MinimumVisualStudioVersion = 10.0.40219.1
Project("{2150E333-8FDC-42A3-9474-1A3956D46DE8}") = "01-SRP", "01-SRP", "{02EA681E-C7D8-13C7-8484-4AC65E1B71E8}"
	ProjectSection(SolutionItems) = preProject
		01-SRP\Single Responsability Principle (SRP).txt = 01-SRP\Single Responsability Principle (SRP).txt
	EndProjectSection
EndProject
Project("{2150E333-8FDC-42A3-9474-1A3956D46DE8}") = "02-OCP", "02-OCP", "{309E09A0-9876-42E1-A1AD-3E6AF3BA1D99}"
EndProject
Project("{2150E333-8FDC-42A3-9474-1A3956D46DE8}") = "03-LSP", "03-LSP", "{BF1E768B-6DE8-4B58-BCE8-124A3529DBFD}"
EndProject
Project("{2150E333-8FDC-42A3-9474-1A3956D46DE8}") = "04-ISP", "04-ISP", "{CBD54D38-0B2C-4B95-A6A5-1B29B2C3B085}"
EndProject
Project("{2150E333-8FDC-42A3-9474-1A3956D46DE8}") = "05-DIP", "05-DIP", "{10E037AA-799C-4FF1-863F-D979A38BAA84}"
EndProject
Project("{2150E333-8FDC-42A3-9474-1A3956D46DE8}") = "01-Booking", "01-Booking", "{861DADE0-373F-4655-ABDF-48183661DC15}"
EndProject
Project("{FAE04EC0-301F-11D3-BF4B-00C04F79EFBC}") = "Booking", "01-SRP\BookingComViolacao\Booking.csproj", "{AE87121D-7F43-49E3-9594-88706F6582B4}"
EndProject
Project("{2150E333-8FDC-42A3-9474-1A3956D46DE8}") = "02-Checkout", "02-Checkout", "{EB2F40A4-AD41-48B3-BEFF-08E1548B3BF5}"
EndProject
Project("{2150E333-8FDC-42A3-9474-1A3956D46DE8}") = "03-FileUploadService", "03-FileUploadService", "{0E64E1D6-EB12-45D0-B644-3A9101D7CBAE}"
EndProject
Project("{FAE04EC0-301F-11D3-BF4B-00C04F79EFBC}") = "FileUploadService", "01-SRP\FileUploadService\FileUploadService.csproj", "{CF669D36-6EA5-440D-90D1-4D4BE613CD9A}"
EndProject
Project("{2150E333-8FDC-42A3-9474-1A3956D46DE8}") = "04-CadastroDeUsuarios", "04-CadastroDeUsuarios", "{A737EF48-8364-4490-9CBA-37B68EAA6C13}"
EndProject
Project("{FAE04EC0-301F-11D3-BF4B-00C04F79EFBC}") = "CadastroDeUsuarios", "01-SRP\CadastroDeUsuarios\CadastroDeUsuarios.csproj", "{B6C8DC24-4992-4A55-8AAF-AB9C38462826}"
EndProject
Project("{FAE04EC0-301F-11D3-BF4B-00C04F79EFBC}") = "Checkout", "01-SRP\Checkout\Checkout.csproj", "{7FE3EDA4-63F9-19D7-692A-203CC6169F47}"
EndProject
Global
	GlobalSection(SolutionConfigurationPlatforms) = preSolution
		Debug|Any CPU = Debug|Any CPU
		Release|Any CPU = Release|Any CPU
	EndGlobalSection
	GlobalSection(ProjectConfigurationPlatforms) = postSolution
		{AE87121D-7F43-49E3-9594-88706F6582B4}.Debug|Any CPU.ActiveCfg = Debug|Any CPU
		{AE87121D-7F43-49E3-9594-88706F6582B4}.Debug|Any CPU.Build.0 = Debug|Any CPU
		{AE87121D-7F43-49E3-9594-88706F6582B4}.Release|Any CPU.ActiveCfg = Release|Any CPU
		{AE87121D-7F43-49E3-9594-88706F6582B4}.Release|Any CPU.Build.0 = Release|Any CPU
		{CF669D36-6EA5-440D-90D1-4D4BE613CD9A}.Debug|Any CPU.ActiveCfg = Debug|Any CPU
		{CF669D36-6EA5-440D-90D1-4D4BE613CD9A}.Debug|Any CPU.Build.0 = Debug|Any CPU
		{CF669D36-6EA5-440D-90D1-4D4BE613CD9A}.Release|Any CPU.ActiveCfg = Release|Any CPU
		{CF669D36-6EA5-440D-90D1-4D4BE613CD9A}.Release|Any CPU.Build.0 = Release|Any CPU
		{B6C8DC24-4992-4A55-8AAF-AB9C38462826}.Debug|Any CPU.ActiveCfg = Debug|Any CPU
		{B6C8DC24-4992-4A55-8AAF-AB9C38462826}.Debug|Any CPU.Build.0 = Debug|Any CPU
		{B6C8DC24-4992-4A55-8AAF-AB9C38462826}.Release|Any CPU.ActiveCfg = Release|Any CPU
		{B6C8DC24-4992-4A55-8AAF-AB9C38462826}.Release|Any CPU.Build.0 = Release|Any CPU
		{7FE3EDA4-63F9-19D7-692A-203CC6169F47}.Debug|Any CPU.ActiveCfg = Debug|Any CPU
		{7FE3EDA4-63F9-19D7-692A-203CC6169F47}.Debug|Any CPU.Build.0 = Debug|Any CPU
		{7FE3EDA4-63F9-19D7-692A-203CC6169F47}.Release|Any CPU.ActiveCfg = Release|Any CPU
		{7FE3EDA4-63F9-19D7-692A-203CC6169F47}.Release|Any CPU.Build.0 = Release|Any CPU
	EndGlobalSection
	GlobalSection(SolutionProperties) = preSolution
		HideSolutionNode = FALSE
	EndGlobalSection
	GlobalSection(NestedProjects) = preSolution
		{861DADE0-373F-4655-ABDF-48183661DC15} = {02EA681E-C7D8-13C7-8484-4AC65E1B71E8}
		{AE87121D-7F43-49E3-9594-88706F6582B4} = {861DADE0-373F-4655-ABDF-48183661DC15}
		{EB2F40A4-AD41-48B3-BEFF-08E1548B3BF5} = {02EA681E-C7D8-13C7-8484-4AC65E1B71E8}
		{0E64E1D6-EB12-45D0-B644-3A9101D7CBAE} = {02EA681E-C7D8-13C7-8484-4AC65E1B71E8}
		{CF669D36-6EA5-440D-90D1-4D4BE613CD9A} = {0E64E1D6-EB12-45D0-B644-3A9101D7CBAE}
		{A737EF48-8364-4490-9CBA-37B68EAA6C13} = {02EA681E-C7D8-13C7-8484-4AC65E1B71E8}
		{B6C8DC24-4992-4A55-8AAF-AB9C38462826} = {A737EF48-8364-4490-9CBA-37B68EAA6C13}
		{7FE3EDA4-63F9-19D7-692A-203CC6169F47} = {EB2F40A4-AD41-48B3-BEFF-08E1548B3BF5}
	EndGlobalSection
	GlobalSection(ExtensibilityGlobals) = postSolution
		SolutionGuid = {1E9D7438-A202-42B7-AED7-8C770BF549D9}
	EndGlobalSection
EndGlobal
